
Microsoft Visual Studio Solution File, Format Version 12.00
# Visual Studio 15
VisualStudioVersion = 15.0.28010.2036
MinimumVisualStudioVersion = 10.0.40219.1
Project("{9A19103F-16F7-4668-BE54-9A1E7A4F7556}") = "BookSearchWeb", "BookSearchWeb\BookSearchWeb.csproj", "{CE629222-EDDC-4509-9FF4-222CFE12B373}"
EndProject
Project("{9A19103F-16F7-4668-BE54-9A1E7A4F7556}") = "BookSearchAPI", "BookSearch\BookSearchAPI.csproj", "{660D5F4A-E781-4DF6-B445-41B6FB730883}"
EndProject
Global
	GlobalSection(SolutionConfigurationPlatforms) = preSolution
		Debug|Any CPU = Debug|Any CPU
		Release|Any CPU = Release|Any CPU
	EndGlobalSection
	GlobalSection(ProjectConfigurationPlatforms) = postSolution
		{CE629222-EDDC-4509-9FF4-222CFE12B373}.Debug|Any CPU.ActiveCfg = Debug|Any CPU
		{CE629222-EDDC-4509-9FF4-222CFE12B373}.Debug|Any CPU.Build.0 = Debug|Any CPU
		{CE629222-EDDC-4509-9FF4-222CFE12B373}.Release|Any CPU.ActiveCfg = Release|Any CPU
		{CE629222-EDDC-4509-9FF4-222CFE12B373}.Release|Any CPU.Build.0 = Release|Any CPU
		{660D5F4A-E781-4DF6-B445-41B6FB730883}.Debug|Any CPU.ActiveCfg = Debug|Any CPU
		{660D5F4A-E781-4DF6-B445-41B6FB730883}.Debug|Any CPU.Build.0 = Debug|Any CPU
		{660D5F4A-E781-4DF6-B445-41B6FB730883}.Release|Any CPU.ActiveCfg = Release|Any CPU
		{660D5F4A-E781-4DF6-B445-41B6FB730883}.Release|Any CPU.Build.0 = Release|Any CPU
	EndGlobalSection
	GlobalSection(SolutionProperties) = preSolution
		HideSolutionNode = FALSE
	EndGlobalSection
	GlobalSection(ExtensibilityGlobals) = postSolution
		SolutionGuid = {B2E938C2-45D7-444F-8441-23EB16F531DE}
	EndGlobalSection
EndGlobal
